
Microsoft Visual Studio Solution File, Format Version 12.00
# Visual Studio 15
VisualStudioVersion = 15.0.27703.2000
MinimumVisualStudioVersion = 10.0.40219.1
Project("{FAE04EC0-301F-11D3-BF4B-00C04F79EFBC}") = "PhotonTest", "C:\Users\dsl\Documents\PhotonTest\PhotonTest.csproj", "{51F3C91E-E02C-6974-4EF2-F458319712ED}"
EndProject
Global
	GlobalSection(SolutionConfigurationPlatforms) = preSolution
		Debug|Any CPU = Debug|Any CPU
		Release|Any CPU = Release|Any CPU
	EndGlobalSection
	GlobalSection(ProjectConfigurationPlatforms) = postSolution
		{51F3C91E-E02C-6974-4EF2-F458319712ED}.Debug|Any CPU.ActiveCfg = Debug|Any CPU
		{51F3C91E-E02C-6974-4EF2-F458319712ED}.Debug|Any CPU.Build.0 = Debug|Any CPU
		{51F3C91E-E02C-6974-4EF2-F458319712ED}.Release|Any CPU.ActiveCfg = Release|Any CPU
		{51F3C91E-E02C-6974-4EF2-F458319712ED}.Release|Any CPU.Build.0 = Release|Any CPU
	EndGlobalSection
	GlobalSection(SolutionProperties) = preSolution
		HideSolutionNode = FALSE
	EndGlobalSection
	GlobalSection(ExtensibilityGlobals) = postSolution
		SolutionGuid = {065D9066-651F-488C-BE32-FA17DE8FC17A}
	EndGlobalSection
EndGlobal
